github.com/gizak/termui/v3 v3.1.0 h1:ZZmVDgwHl7gR7elfKf1xc4IudXZ5qqfDh4wExk4Iajc=
github.com/gizak/termui/v3 v3.1.0/go.mod h1:bXQEBkJpzxUAKf0+xq9MSWAvWZlE7c+aidmyFlkYTrY=
github.com/gorilla/websocket v1.4.2 h1:+/TMaTYc4QFitKJxsQ7Yye35DkWvkdLcvGKqM+x0Ufc=
github.com/gorilla/websocket v1.4.2/go.mod h1:YR8l580nyteQvAITg2hZ9XVh4b55+EU/adAjf1fMHhE=
github.com/mattn/go-runewidth v0.0.2 h1:UnlwIPBGaTZfPQ6T1IGzPI0EkYAQmT9fAEJ/poFC63o=
github.com/mattn/go-runewidth v0.0.2/go.mod h1:LwmH8dsx7+W8Uxz3IHJYH5QSwggIsqBzpuz5H//U1FU=
github.com/mitchellh/go-wordwrap v0.0.0-20150314170334-ad45545899c7 h1:DpOJ2HYzCv8LZP15IdmG+YdwD2luVPHITV96TkirNBM=
github.com/mitchellh/go-wordwrap v0.0.0-20150314170334-ad45545899c7/go.mod h1:ZXFpozHsX6DPmq2I0TCekCxypsnAUbP2oI0UX1GXzOo=
github.com/nsf/termbox-go v0.0.0-20190121233118-02980233997d h1:x3S6kxmy49zXVVyhcnrFqxvNVCBPb2KZ9hV2RBdS840=
github.com/nsf/termbox-go v0.0.0-20190121233118-02980233997d/go.mod h1:IuKpRQcYE1Tfu+oAQqaLisqDeXgjyyltCfsaoYN18NQ=
github.com/sacOO7/go-logger v0.0.0-20180719173527-9ac9add5a50d h1:5T+fbRuQbpi+WZtB2yfuu59r00F6T2HV/zGYrwX8nvE=
github.com/sacOO7/go-logger v0.0.0-20180719173527-9ac9add5a50d/go.mod h1:L5EJe2k8GwpBoGXDRLAEs58R239jpZuE7NNEtW+T7oo=
github.com/sacOO7/gowebsocket v0.0.0-20210515122958-9396f1a71e23 h1:yjnkNJTpQPCx10KF1jypuIhAVc6EYn2M9lJgwSTHQYs=
github.com/sacOO7/gowebsocket v0.0.0-20210515122958-9396f1a71e23/go.mod h1:h00QywbM5Le22ESUiI8Yz2/9TVGD8eAz/cAk55Kcz/E=
